// !$*UTF8*$!
{
	archiveVersion = 1;
	classes = {
	};
	objectVersion = 46;
	objects = {

/* Begin PBXAggregateTarget section */
		A54716D5174B17FF002B8C0B /* PreBuildScripts */ = {
			isa = PBXAggregateTarget;
			buildConfigurationList = A54716D8174B17FF002B8C0B /* Build configuration list for PBXAggregateTarget "PreBuildScripts" */;
			buildPhases = (
				A54716D9174B181A002B8C0B /* ShellScript */,
			);
			dependencies = (
			);
			name = PreBuildScripts;
			productName = PreBuildScripts;
		};
/* End PBXAggregateTarget section */

/* Begin PBXBuildFile section */
		11901A1E171227A700E5BC8E /* DUTServerOperations.m in Sources */ = {isa = PBXBuildFile; fileRef = 11901A1D171227A700E5BC8E /* DUTServerOperations.m */; };
		11901A2217122ACE00E5BC8E /* DUTRequestEncoder.m in Sources */ = {isa = PBXBuildFile; fileRef = 11901A2117122ACE00E5BC8E /* DUTRequestEncoder.m */; };
		11901A4917123A9B00E5BC8E /* DUTRequestCreator.m in Sources */ = {isa = PBXBuildFile; fileRef = 11901A4817123A9B00E5BC8E /* DUTRequestCreator.m */; };
		11901A4C17123D9A00E5BC8E /* DUTServerProperties.plist in Resources */ = {isa = PBXBuildFile; fileRef = 11901A4B17123D9A00E5BC8E /* DUTServerProperties.plist */; };
		11DF9308171A64010069FA33 /* (null) in Sources */ = {isa = PBXBuildFile; };
		A516906417480E5400429EBF /* NSData+Document.m in Sources */ = {isa = PBXBuildFile; fileRef = A516906317480E5400429EBF /* NSData+Document.m */; };
		A516907F1748913A00429EBF /* DUTCellBackgroundView.m in Sources */ = {isa = PBXBuildFile; fileRef = A516907E1748913A00429EBF /* DUTCellBackgroundView.m */; };
		A51FA1FE173F2F2D001911B9 /* DUTValidator.m in Sources */ = {isa = PBXBuildFile; fileRef = A51FA1FD173F2F2D001911B9 /* DUTValidator.m */; };
		A51FA201173F2F69001911B9 /* DUTEmailValidator.m in Sources */ = {isa = PBXBuildFile; fileRef = A51FA200173F2F69001911B9 /* DUTEmailValidator.m */; };
		A51FA205173F4025001911B9 /* DUTDescriptiveTextField.m in Sources */ = {isa = PBXBuildFile; fileRef = A51FA204173F4025001911B9 /* DUTDescriptiveTextField.m */; };
		A51FA209173F42D4001911B9 /* MBProgressHUD.m in Sources */ = {isa = PBXBuildFile; fileRef = A51FA208173F42D4001911B9 /* MBProgressHUD.m */; };
		A51FA20C173F4383001911B9 /* DUTTableViewCell.m in Sources */ = {isa = PBXBuildFile; fileRef = A51FA20B173F4382001911B9 /* DUTTableViewCell.m */; };
		A53CE54C175AB8C800E692EE /* button_gradient.png in Resources */ = {isa = PBXBuildFile; fileRef = A53CE54B175AB8C800E692EE /* button_gradient.png */; };
		A53F7273171A09CE00B61DE7 /* DUTResponseDecoder.m in Sources */ = {isa = PBXBuildFile; fileRef = A53F7272171A09CE00B61DE7 /* DUTResponseDecoder.m */; };
		A53F7278171A29E900B61DE7 /* DUTEditableCellController.m in Sources */ = {isa = PBXBuildFile; fileRef = A53F7277171A29E900B61DE7 /* DUTEditableCellController.m */; };
		A53F727C171A3B9200B61DE7 /* DUTGroupedCellControllerContainer.m in Sources */ = {isa = PBXBuildFile; fileRef = A53F727B171A3B9200B61DE7 /* DUTGroupedCellControllerContainer.m */; };
		A53F727F171A3C9400B61DE7 /* DUTCellController.m in Sources */ = {isa = PBXBuildFile; fileRef = A53F727E171A3C9400B61DE7 /* DUTCellController.m */; };
		A53F7282171A40C800B61DE7 /* DUTCellContainerSection.m in Sources */ = {isa = PBXBuildFile; fileRef = A53F7281171A40C800B61DE7 /* DUTCellContainerSection.m */; };
		A53F7287171A4DAC00B61DE7 /* DUTEditableCell.m in Sources */ = {isa = PBXBuildFile; fileRef = A53F7286171A4DAC00B61DE7 /* DUTEditableCell.m */; };
		A54716DC174B1CDC002B8C0B /* DUTEqualityValidator.m in Sources */ = {isa = PBXBuildFile; fileRef = A54716DB174B1CDC002B8C0B /* DUTEqualityValidator.m */; };
		A54E845E174492260003D1B2 /* NSMutableSet+WeakZeroingReference.m in Sources */ = {isa = PBXBuildFile; fileRef = A54E845D174492260003D1B2 /* NSMutableSet+WeakZeroingReference.m */; };
		A54E846117449B660003D1B2 /* DUTTextLengthValidator.m in Sources */ = {isa = PBXBuildFile; fileRef = A54E846017449B660003D1B2 /* DUTTextLengthValidator.m */; };
		A58F02F11745C75C0032AE8E /* DUTUtility+Localization.m in Sources */ = {isa = PBXBuildFile; fileRef = A58F02F01745C75C0032AE8E /* DUTUtility+Localization.m */; };
		A58F02F31745CC0A0032AE8E /* localizedtext_en.plist in Resources */ = {isa = PBXBuildFile; fileRef = A58F02F21745CC0A0032AE8E /* localizedtext_en.plist */; };
		A58F02F61745D26D0032AE8E /* DUTUtility+FileOperations.m in Sources */ = {isa = PBXBuildFile; fileRef = A58F02F51745D26D0032AE8E /* DUTUtility+FileOperations.m */; };
		A5925E7F174DB9DF0024FBAD /* dotgreen.png in Resources */ = {isa = PBXBuildFile; fileRef = A5925E7D174DB9DF0024FBAD /* dotgreen.png */; };
		A5925E80174DB9DF0024FBAD /* dotred.png in Resources */ = {isa = PBXBuildFile; fileRef = A5925E7E174DB9DF0024FBAD /* dotred.png */; };
		A597ECB217077825008061B2 /* UIKit.framework in Frameworks */ = {isa = PBXBuildFile; fileRef = A597ECB117077825008061B2 /* UIKit.framework */; };
		A597ECB417077825008061B2 /* Foundation.framework in Frameworks */ = {isa = PBXBuildFile; fileRef = A597ECB317077825008061B2 /* Foundation.framework */; };
		A597ECB617077825008061B2 /* CoreGraphics.framework in Frameworks */ = {isa = PBXBuildFile; fileRef = A597ECB517077825008061B2 /* CoreGraphics.framework */; };
		A597ECBC17077825008061B2 /* InfoPlist.strings in Resources */ = {isa = PBXBuildFile; fileRef = A597ECBA17077825008061B2 /* InfoPlist.strings */; };
		A597ECBE17077825008061B2 /* main.m in Sources */ = {isa = PBXBuildFile; fileRef = A597ECBD17077825008061B2 /* main.m */; };
		A597ECC217077825008061B2 /* DUTAppDelegate.m in Sources */ = {isa = PBXBuildFile; fileRef = A597ECC117077825008061B2 /* DUTAppDelegate.m */; };
		A597ECC417077825008061B2 /* Default.png in Resources */ = {isa = PBXBuildFile; fileRef = A597ECC317077825008061B2 /* Default.png */; };
		A597ECC617077825008061B2 /* Default@2x.png in Resources */ = {isa = PBXBuildFile; fileRef = A597ECC517077825008061B2 /* Default@2x.png */; };
		A597ECC817077825008061B2 /* Default-568h@2x.png in Resources */ = {isa = PBXBuildFile; fileRef = A597ECC717077825008061B2 /* Default-568h@2x.png */; };
		A597ECD117077A84008061B2 /* MainStoryboard.storyboard in Resources */ = {isa = PBXBuildFile; fileRef = A597ECD017077A84008061B2 /* MainStoryboard.storyboard */; };
		A597ECD617078AF5008061B2 /* DUTLoginTableViewController.m in Sources */ = {isa = PBXBuildFile; fileRef = A597ECD517078AF5008061B2 /* DUTLoginTableViewController.m */; };
		A597ECDC17079746008061B2 /* DUTRegistrationViewController.m in Sources */ = {isa = PBXBuildFile; fileRef = A597ECDB17079746008061B2 /* DUTRegistrationViewController.m */; };
		A597ECE01707B486008061B2 /* DUTTransportUtility.m in Sources */ = {isa = PBXBuildFile; fileRef = A597ECDF1707B486008061B2 /* DUTTransportUtility.m */; };
		A5B57A491758480D00DFE16B /* localizedtext_fr.plist in Resources */ = {isa = PBXBuildFile; fileRef = A5B57A481758480D00DFE16B /* localizedtext_fr.plist */; };
		A5C3CB03171227A100724C25 /* DUTUtility.m in Sources */ = {isa = PBXBuildFile; fileRef = A5C3CB02171227A100724C25 /* DUTUtility.m */; };
		A5C3CB06171227C200724C25 /* DUTUtility+Validation.m in Sources */ = {isa = PBXBuildFile; fileRef = A5C3CB05171227C200724C25 /* DUTUtility+Validation.m */; };
/* End PBXBuildFile section */

/* Begin PBXFileReference section */
		11901A1C171227A700E5BC8E /* DUTServerOperations.h */ = {isa = PBXFileReference; fileEncoding = 4; lastKnownFileType = sourcecode.c.h; name = DUTServerOperations.h; path = DutchOperations/DUTServerOperations.h; sourceTree = "<group>"; };
		11901A1D171227A700E5BC8E /* DUTServerOperations.m */ = {isa = PBXFileReference; fileEncoding = 4; lastKnownFileType = sourcecode.c.objc; name = DUTServerOperations.m; path = DutchOperations/DUTServerOperations.m; sourceTree = "<group>"; };
		11901A2017122ACE00E5BC8E /* DUTRequestEncoder.h */ = {isa = PBXFileReference; fileEncoding = 4; lastKnownFileType = sourcecode.c.h; name = DUTRequestEncoder.h; path = DutchRequestData/DUTRequestEncoder.h; sourceTree = "<group>"; };
		11901A2117122ACE00E5BC8E /* DUTRequestEncoder.m */ = {isa = PBXFileReference; fileEncoding = 4; lastKnownFileType = sourcecode.c.objc; name = DUTRequestEncoder.m; path = DutchRequestData/DUTRequestEncoder.m; sourceTree = "<group>"; };
		11901A361712353900E5BC8E /* DUTConstants.h */ = {isa = PBXFileReference; fileEncoding = 4; lastKnownFileType = sourcecode.c.h; name = DUTConstants.h; path = Constants/DUTConstants.h; sourceTree = "<group>"; };
		11901A37171235C000E5BC8E /* DUTConstantVariables.h */ = {isa = PBXFileReference; fileEncoding = 4; lastKnownFileType = sourcecode.c.h; name = DUTConstantVariables.h; path = Constants/DUTConstantVariables.h; sourceTree = "<group>"; };
		11901A4717123A9B00E5BC8E /* DUTRequestCreator.h */ = {isa = PBXFileReference; fileEncoding = 4; lastKnownFileType = sourcecode.c.h; name = DUTRequestCreator.h; path = RequestCreator/DUTRequestCreator.h; sourceTree = "<group>"; };
		11901A4817123A9B00E5BC8E /* DUTRequestCreator.m */ = {isa = PBXFileReference; fileEncoding = 4; lastKnownFileType = sourcecode.c.objc; name = DUTRequestCreator.m; path = RequestCreator/DUTRequestCreator.m; sourceTree = "<group>"; };
		11901A4B17123D9A00E5BC8E /* DUTServerProperties.plist */ = {isa = PBXFileReference; fileEncoding = 4; lastKnownFileType = text.plist.xml; path = DUTServerProperties.plist; sourceTree = "<group>"; };
		A5156B3A1741F1A2006FBC8B /* DUTCellContainerDelegate.h */ = {isa = PBXFileReference; lastKnownFileType = sourcecode.c.h; path = DUTCellContainerDelegate.h; sourceTree = "<group>"; };
		A516906217480E5400429EBF /* NSData+Document.h */ = {isa = PBXFileReference; fileEncoding = 4; lastKnownFileType = sourcecode.c.h; path = "NSData+Document.h"; sourceTree = "<group>"; };
		A516906317480E5400429EBF /* NSData+Document.m */ = {isa = PBXFileReference; fileEncoding = 4; lastKnownFileType = sourcecode.c.objc; path = "NSData+Document.m"; sourceTree = "<group>"; };
		A51690661748102F00429EBF /* DUTLocalizations.h */ = {isa = PBXFileReference; fileEncoding = 4; lastKnownFileType = sourcecode.c.h; path = DUTLocalizations.h; sourceTree = "<group>"; };
		A516906B17481A8700429EBF /* headerFromPlist.scpt */ = {isa = PBXFileReference; lastKnownFileType = file; path = headerFromPlist.scpt; sourceTree = "<group>"; };
		A516907D1748913A00429EBF /* DUTCellBackgroundView.h */ = {isa = PBXFileReference; fileEncoding = 4; lastKnownFileType = sourcecode.c.h; path = DUTCellBackgroundView.h; sourceTree = "<group>"; };
		A516907E1748913A00429EBF /* DUTCellBackgroundView.m */ = {isa = PBXFileReference; fileEncoding = 4; lastKnownFileType = sourcecode.c.objc; path = DUTCellBackgroundView.m; sourceTree = "<group>"; };
		A51FA1FC173F2F2D001911B9 /* DUTValidator.h */ = {isa = PBXFileReference; fileEncoding = 4; lastKnownFileType = sourcecode.c.h; path = DUTValidator.h; sourceTree = "<group>"; };
		A51FA1FD173F2F2D001911B9 /* DUTValidator.m */ = {isa = PBXFileReference; fileEncoding = 4; lastKnownFileType = sourcecode.c.objc; path = DUTValidator.m; sourceTree = "<group>"; };
		A51FA1FF173F2F69001911B9 /* DUTEmailValidator.h */ = {isa = PBXFileReference; fileEncoding = 4; lastKnownFileType = sourcecode.c.h; path = DUTEmailValidator.h; sourceTree = "<group>"; };
		A51FA200173F2F69001911B9 /* DUTEmailValidator.m */ = {isa = PBXFileReference; fileEncoding = 4; lastKnownFileType = sourcecode.c.objc; path = DUTEmailValidator.m; sourceTree = "<group>"; };
		A51FA202173F301F001911B9 /* DUTValidatorDelegate.h */ = {isa = PBXFileReference; lastKnownFileType = sourcecode.c.h; path = DUTValidatorDelegate.h; sourceTree = "<group>"; };
		A51FA203173F4025001911B9 /* DUTDescriptiveTextField.h */ = {isa = PBXFileReference; fileEncoding = 4; lastKnownFileType = sourcecode.c.h; path = DUTDescriptiveTextField.h; sourceTree = "<group>"; };
		A51FA204173F4025001911B9 /* DUTDescriptiveTextField.m */ = {isa = PBXFileReference; fileEncoding = 4; lastKnownFileType = sourcecode.c.objc; path = DUTDescriptiveTextField.m; sourceTree = "<group>"; };
		A51FA206173F404A001911B9 /* DUTControlDelegate.h */ = {isa = PBXFileReference; lastKnownFileType = sourcecode.c.h; path = DUTControlDelegate.h; sourceTree = "<group>"; };
		A51FA207173F42D4001911B9 /* MBProgressHUD.h */ = {isa = PBXFileReference; fileEncoding = 4; lastKnownFileType = sourcecode.c.h; path = MBProgressHUD.h; sourceTree = "<group>"; };
		A51FA208173F42D4001911B9 /* MBProgressHUD.m */ = {isa = PBXFileReference; fileEncoding = 4; lastKnownFileType = sourcecode.c.objc; path = MBProgressHUD.m; sourceTree = "<group>"; };
		A51FA20A173F4382001911B9 /* DUTTableViewCell.h */ = {isa = PBXFileReference; fileEncoding = 4; lastKnownFileType = sourcecode.c.h; path = DUTTableViewCell.h; sourceTree = "<group>"; };
		A51FA20B173F4382001911B9 /* DUTTableViewCell.m */ = {isa = PBXFileReference; fileEncoding = 4; lastKnownFileType = sourcecode.c.objc; path = DUTTableViewCell.m; sourceTree = "<group>"; };
		A53CE54B175AB8C800E692EE /* button_gradient.png */ = {isa = PBXFileReference; lastKnownFileType = image.png; path = button_gradient.png; sourceTree = "<group>"; };
		A53F7271171A09CE00B61DE7 /* DUTResponseDecoder.h */ = {isa = PBXFileReference; fileEncoding = 4; lastKnownFileType = sourcecode.c.h; name = DUTResponseDecoder.h; path = DutchRequestData/DUTResponseDecoder.h; sourceTree = "<group>"; };
		A53F7272171A09CE00B61DE7 /* DUTResponseDecoder.m */ = {isa = PBXFileReference; fileEncoding = 4; lastKnownFileType = sourcecode.c.objc; name = DUTResponseDecoder.m; path = DutchRequestData/DUTResponseDecoder.m; sourceTree = "<group>"; };
		A53F7274171A0D0500B61DE7 /* DUTServerOperationConstants.h */ = {isa = PBXFileReference; lastKnownFileType = sourcecode.c.h; name = DUTServerOperationConstants.h; path = DutchOperations/DUTServerOperationConstants.h; sourceTree = "<group>"; };
		A53F7276171A29E800B61DE7 /* DUTEditableCellController.h */ = {isa = PBXFileReference; fileEncoding = 4; lastKnownFileType = sourcecode.c.h; path = DUTEditableCellController.h; sourceTree = "<group>"; };
		A53F7277171A29E900B61DE7 /* DUTEditableCellController.m */ = {isa = PBXFileReference; fileEncoding = 4; lastKnownFileType = sourcecode.c.objc; path = DUTEditableCellController.m; sourceTree = "<group>"; };
		A53F727A171A3B9200B61DE7 /* DUTGroupedCellControllerContainer.h */ = {isa = PBXFileReference; fileEncoding = 4; lastKnownFileType = sourcecode.c.h; path = DUTGroupedCellControllerContainer.h; sourceTree = "<group>"; };
		A53F727B171A3B9200B61DE7 /* DUTGroupedCellControllerContainer.m */ = {isa = PBXFileReference; fileEncoding = 4; lastKnownFileType = sourcecode.c.objc; path = DUTGroupedCellControllerContainer.m; sourceTree = "<group>"; };
		A53F727D171A3C9400B61DE7 /* DUTCellController.h */ = {isa = PBXFileReference; fileEncoding = 4; lastKnownFileType = sourcecode.c.h; path = DUTCellController.h; sourceTree = "<group>"; };
		A53F727E171A3C9400B61DE7 /* DUTCellController.m */ = {isa = PBXFileReference; fileEncoding = 4; lastKnownFileType = sourcecode.c.objc; path = DUTCellController.m; sourceTree = "<group>"; };
		A53F7280171A40C800B61DE7 /* DUTCellContainerSection.h */ = {isa = PBXFileReference; fileEncoding = 4; lastKnownFileType = sourcecode.c.h; path = DUTCellContainerSection.h; sourceTree = "<group>"; };
		A53F7281171A40C800B61DE7 /* DUTCellContainerSection.m */ = {isa = PBXFileReference; fileEncoding = 4; lastKnownFileType = sourcecode.c.objc; path = DUTCellContainerSection.m; sourceTree = "<group>"; };
		A53F7283171A47F400B61DE7 /* DUTCellControllerDelegate.h */ = {isa = PBXFileReference; lastKnownFileType = sourcecode.c.h; path = DUTCellControllerDelegate.h; sourceTree = "<group>"; };
		A53F7285171A4DAC00B61DE7 /* DUTEditableCell.h */ = {isa = PBXFileReference; fileEncoding = 4; lastKnownFileType = sourcecode.c.h; path = DUTEditableCell.h; sourceTree = "<group>"; };
		A53F7286171A4DAC00B61DE7 /* DUTEditableCell.m */ = {isa = PBXFileReference; fileEncoding = 4; lastKnownFileType = sourcecode.c.objc; path = DUTEditableCell.m; sourceTree = "<group>"; };
		A53F7288171A52F000B61DE7 /* DUTCellDelegate.h */ = {isa = PBXFileReference; lastKnownFileType = sourcecode.c.h; path = DUTCellDelegate.h; sourceTree = "<group>"; };
		A54716DA174B1CDC002B8C0B /* DUTEqualityValidator.h */ = {isa = PBXFileReference; fileEncoding = 4; lastKnownFileType = sourcecode.c.h; path = DUTEqualityValidator.h; sourceTree = "<group>"; };
		A54716DB174B1CDC002B8C0B /* DUTEqualityValidator.m */ = {isa = PBXFileReference; fileEncoding = 4; lastKnownFileType = sourcecode.c.objc; path = DUTEqualityValidator.m; sourceTree = "<group>"; };
		A54E845C174492260003D1B2 /* NSMutableSet+WeakZeroingReference.h */ = {isa = PBXFileReference; fileEncoding = 4; lastKnownFileType = sourcecode.c.h; path = "NSMutableSet+WeakZeroingReference.h"; sourceTree = "<group>"; };
		A54E845D174492260003D1B2 /* NSMutableSet+WeakZeroingReference.m */ = {isa = PBXFileReference; fileEncoding = 4; lastKnownFileType = sourcecode.c.objc; path = "NSMutableSet+WeakZeroingReference.m"; sourceTree = "<group>"; };
		A54E845F17449B660003D1B2 /* DUTTextLengthValidator.h */ = {isa = PBXFileReference; fileEncoding = 4; lastKnownFileType = sourcecode.c.h; path = DUTTextLengthValidator.h; sourceTree = "<group>"; };
		A54E846017449B660003D1B2 /* DUTTextLengthValidator.m */ = {isa = PBXFileReference; fileEncoding = 4; lastKnownFileType = sourcecode.c.objc; path = DUTTextLengthValidator.m; sourceTree = "<group>"; };
		A58F02EF1745C75C0032AE8E /* DUTUtility+Localization.h */ = {isa = PBXFileReference; fileEncoding = 4; lastKnownFileType = sourcecode.c.h; name = "DUTUtility+Localization.h"; path = "Utility/DUTUtility+Localization.h"; sourceTree = "<group>"; };
		A58F02F01745C75C0032AE8E /* DUTUtility+Localization.m */ = {isa = PBXFileReference; fileEncoding = 4; lastKnownFileType = sourcecode.c.objc; name = "DUTUtility+Localization.m"; path = "Utility/DUTUtility+Localization.m"; sourceTree = "<group>"; };
		A58F02F21745CC0A0032AE8E /* localizedtext_en.plist */ = {isa = PBXFileReference; fileEncoding = 4; lastKnownFileType = text.plist.xml; path = localizedtext_en.plist; sourceTree = "<group>"; };
		A58F02F41745D26D0032AE8E /* DUTUtility+FileOperations.h */ = {isa = PBXFileReference; fileEncoding = 4; lastKnownFileType = sourcecode.c.h; name = "DUTUtility+FileOperations.h"; path = "Utility/DUTUtility+FileOperations.h"; sourceTree = "<group>"; };
		A58F02F51745D26D0032AE8E /* DUTUtility+FileOperations.m */ = {isa = PBXFileReference; fileEncoding = 4; lastKnownFileType = sourcecode.c.objc; name = "DUTUtility+FileOperations.m"; path = "Utility/DUTUtility+FileOperations.m"; sourceTree = "<group>"; };
		A58F02F81745E4DA0032AE8E /* DUTStringIds.h */ = {isa = PBXFileReference; lastKnownFileType = sourcecode.c.h; name = DUTStringIds.h; path = Constants/DUTStringIds.h; sourceTree = "<group>"; };
		A5925E7D174DB9DF0024FBAD /* dotgreen.png */ = {isa = PBXFileReference; lastKnownFileType = image.png; path = dotgreen.png; sourceTree = "<group>"; };
		A5925E7E174DB9DF0024FBAD /* dotred.png */ = {isa = PBXFileReference; lastKnownFileType = image.png; path = dotred.png; sourceTree = "<group>"; };
		A597ECAE17077825008061B2 /* Dutch.app */ = {isa = PBXFileReference; explicitFileType = wrapper.application; includeInIndex = 0; path = Dutch.app; sourceTree = BUILT_PRODUCTS_DIR; };
		A597ECB117077825008061B2 /* UIKit.framework */ = {isa = PBXFileReference; lastKnownFileType = wrapper.framework; name = UIKit.framework; path = System/Library/Frameworks/UIKit.framework; sourceTree = SDKROOT; };
		A597ECB317077825008061B2 /* Foundation.framework */ = {isa = PBXFileReference; lastKnownFileType = wrapper.framework; name = Foundation.framework; path = System/Library/Frameworks/Foundation.framework; sourceTree = SDKROOT; };
		A597ECB517077825008061B2 /* CoreGraphics.framework */ = {isa = PBXFileReference; lastKnownFileType = wrapper.framework; name = CoreGraphics.framework; path = System/Library/Frameworks/CoreGraphics.framework; sourceTree = SDKROOT; };
		A597ECB917077825008061B2 /* Dutch-Info.plist */ = {isa = PBXFileReference; lastKnownFileType = text.plist.xml; path = "Dutch-Info.plist"; sourceTree = "<group>"; };
		A597ECBB17077825008061B2 /* en */ = {isa = PBXFileReference; lastKnownFileType = text.plist.strings; name = en; path = en.lproj/InfoPlist.strings; sourceTree = "<group>"; };
		A597ECBD17077825008061B2 /* main.m */ = {isa = PBXFileReference; lastKnownFileType = sourcecode.c.objc; path = main.m; sourceTree = "<group>"; };
		A597ECBF17077825008061B2 /* Dutch-Prefix.pch */ = {isa = PBXFileReference; lastKnownFileType = sourcecode.c.h; path = "Dutch-Prefix.pch"; sourceTree = "<group>"; };
		A597ECC017077825008061B2 /* DUTAppDelegate.h */ = {isa = PBXFileReference; lastKnownFileType = sourcecode.c.h; path = DUTAppDelegate.h; sourceTree = "<group>"; };
		A597ECC117077825008061B2 /* DUTAppDelegate.m */ = {isa = PBXFileReference; lastKnownFileType = sourcecode.c.objc; path = DUTAppDelegate.m; sourceTree = "<group>"; };
		A597ECC317077825008061B2 /* Default.png */ = {isa = PBXFileReference; lastKnownFileType = image.png; path = Default.png; sourceTree = "<group>"; };
		A597ECC517077825008061B2 /* Default@2x.png */ = {isa = PBXFileReference; lastKnownFileType = image.png; path = "Default@2x.png"; sourceTree = "<group>"; };
		A597ECC717077825008061B2 /* Default-568h@2x.png */ = {isa = PBXFileReference; lastKnownFileType = image.png; path = "Default-568h@2x.png"; sourceTree = "<group>"; };
		A597ECD017077A84008061B2 /* MainStoryboard.storyboard */ = {isa = PBXFileReference; fileEncoding = 4; lastKnownFileType = file.storyboard; path = MainStoryboard.storyboard; sourceTree = "<group>"; };
		A597ECD417078AF5008061B2 /* DUTLoginTableViewController.h */ = {isa = PBXFileReference; fileEncoding = 4; lastKnownFileType = sourcecode.c.h; name = DUTLoginTableViewController.h; path = ViewControllers/DUTLoginTableViewController.h; sourceTree = "<group>"; };
		A597ECD517078AF5008061B2 /* DUTLoginTableViewController.m */ = {isa = PBXFileReference; fileEncoding = 4; lastKnownFileType = sourcecode.c.objc; name = DUTLoginTableViewController.m; path = ViewControllers/DUTLoginTableViewController.m; sourceTree = "<group>"; };
		A597ECDA17079746008061B2 /* DUTRegistrationViewController.h */ = {isa = PBXFileReference; fileEncoding = 4; lastKnownFileType = sourcecode.c.h; name = DUTRegistrationViewController.h; path = ViewControllers/DUTRegistrationViewController.h; sourceTree = "<group>"; };
		A597ECDB17079746008061B2 /* DUTRegistrationViewController.m */ = {isa = PBXFileReference; fileEncoding = 4; lastKnownFileType = sourcecode.c.objc; name = DUTRegistrationViewController.m; path = ViewControllers/DUTRegistrationViewController.m; sourceTree = "<group>"; };
		A597ECDE1707B486008061B2 /* DUTTransportUtility.h */ = {isa = PBXFileReference; fileEncoding = 4; lastKnownFileType = sourcecode.c.h; name = DUTTransportUtility.h; path = Transport/DUTTransportUtility.h; sourceTree = "<group>"; };
		A597ECDF1707B486008061B2 /* DUTTransportUtility.m */ = {isa = PBXFileReference; fileEncoding = 4; lastKnownFileType = sourcecode.c.objc; name = DUTTransportUtility.m; path = Transport/DUTTransportUtility.m; sourceTree = "<group>"; };
		A5B57A481758480D00DFE16B /* localizedtext_fr.plist */ = {isa = PBXFileReference; fileEncoding = 4; lastKnownFileType = text.plist.xml; path = localizedtext_fr.plist; sourceTree = "<group>"; };
		A5C3CB01171227A100724C25 /* DUTUtility.h */ = {isa = PBXFileReference; fileEncoding = 4; lastKnownFileType = sourcecode.c.h; name = DUTUtility.h; path = Utility/DUTUtility.h; sourceTree = "<group>"; };
		A5C3CB02171227A100724C25 /* DUTUtility.m */ = {isa = PBXFileReference; fileEncoding = 4; lastKnownFileType = sourcecode.c.objc; name = DUTUtility.m; path = Utility/DUTUtility.m; sourceTree = "<group>"; };
		A5C3CB04171227C200724C25 /* DUTUtility+Validation.h */ = {isa = PBXFileReference; fileEncoding = 4; lastKnownFileType = sourcecode.c.h; name = "DUTUtility+Validation.h"; path = "Utility/DUTUtility+Validation.h"; sourceTree = "<group>"; };
		A5C3CB05171227C200724C25 /* DUTUtility+Validation.m */ = {isa = PBXFileReference; fileEncoding = 4; lastKnownFileType = sourcecode.c.objc; name = "DUTUtility+Validation.m"; path = "Utility/DUTUtility+Validation.m"; sourceTree = "<group>"; };
/* End PBXFileReference section */

/* Begin PBXFrameworksBuildPhase section */
		A597ECAB17077825008061B2 /* Frameworks */ = {
			isa = PBXFrameworksBuildPhase;
			buildActionMask = 2147483647;
			files = (
				A597ECB217077825008061B2 /* UIKit.framework in Frameworks */,
				A597ECB417077825008061B2 /* Foundation.framework in Frameworks */,
				A597ECB617077825008061B2 /* CoreGraphics.framework in Frameworks */,
			);
			runOnlyForDeploymentPostprocessing = 0;
		};
/* End PBXFrameworksBuildPhase section */

/* Begin PBXGroup section */
		11901A1B1712273300E5BC8E /* DutchOperations */ = {
			isa = PBXGroup;
			children = (
				11901A1C171227A700E5BC8E /* DUTServerOperations.h */,
				11901A1D171227A700E5BC8E /* DUTServerOperations.m */,
			);
			name = DutchOperations;
			sourceTree = "<group>";
		};
		11901A1F17122A6200E5BC8E /* DutchRequestData */ = {
			isa = PBXGroup;
			children = (
				11901A2017122ACE00E5BC8E /* DUTRequestEncoder.h */,
				11901A2117122ACE00E5BC8E /* DUTRequestEncoder.m */,
				A53F7271171A09CE00B61DE7 /* DUTResponseDecoder.h */,
				A53F7272171A09CE00B61DE7 /* DUTResponseDecoder.m */,
			);
			name = DutchRequestData;
			sourceTree = "<group>";
		};
		11901A341712345E00E5BC8E /* Constants */ = {
			isa = PBXGroup;
			children = (
				11901A361712353900E5BC8E /* DUTConstants.h */,
				11901A37171235C000E5BC8E /* DUTConstantVariables.h */,
				A53F7274171A0D0500B61DE7 /* DUTServerOperationConstants.h */,
				A58F02F81745E4DA0032AE8E /* DUTStringIds.h */,
			);
			name = Constants;
			sourceTree = "<group>";
		};
		11901A4617123A5800E5BC8E /* RequestCreation */ = {
			isa = PBXGroup;
			children = (
				11901A4717123A9B00E5BC8E /* DUTRequestCreator.h */,
				11901A4817123A9B00E5BC8E /* DUTRequestCreator.m */,
			);
			name = RequestCreation;
			sourceTree = "<group>";
		};
		A516906517480FD400429EBF /* Dynamic */ = {
			isa = PBXGroup;
			children = (
				A51690661748102F00429EBF /* DUTLocalizations.h */,
			);
			path = Dynamic;
			sourceTree = "<group>";
		};
		A516906A17481A8700429EBF /* scripts */ = {
			isa = PBXGroup;
			children = (
				A516906B17481A8700429EBF /* headerFromPlist.scpt */,
			);
			name = scripts;
			path = Dutch/scripts;
			sourceTree = "<group>";
		};
		A51FA1EB173EBF5F001911B9 /* CustomControls */ = {
			isa = PBXGroup;
			children = (
				A51FA203173F4025001911B9 /* DUTDescriptiveTextField.h */,
				A51FA204173F4025001911B9 /* DUTDescriptiveTextField.m */,
				A51FA1F7173F10FF001911B9 /* ActivityView */,
				A51FA206173F404A001911B9 /* DUTControlDelegate.h */,
				A516907D1748913A00429EBF /* DUTCellBackgroundView.h */,
				A516907E1748913A00429EBF /* DUTCellBackgroundView.m */,
			);
			path = CustomControls;
			sourceTree = "<group>";
		};
		A51FA1F7173F10FF001911B9 /* ActivityView */ = {
			isa = PBXGroup;
			children = (
				A51FA207173F42D4001911B9 /* MBProgressHUD.h */,
				A51FA208173F42D4001911B9 /* MBProgressHUD.m */,
			);
			name = ActivityView;
			path = Dutch/ActivityView;
			sourceTree = SOURCE_ROOT;
		};
		A51FA1FB173F2EE4001911B9 /* Validators */ = {
			isa = PBXGroup;
			children = (
				A51FA1FC173F2F2D001911B9 /* DUTValidator.h */,
				A51FA1FD173F2F2D001911B9 /* DUTValidator.m */,
				A51FA1FF173F2F69001911B9 /* DUTEmailValidator.h */,
				A51FA200173F2F69001911B9 /* DUTEmailValidator.m */,
				A51FA202173F301F001911B9 /* DUTValidatorDelegate.h */,
				A54E845F17449B660003D1B2 /* DUTTextLengthValidator.h */,
				A54E846017449B660003D1B2 /* DUTTextLengthValidator.m */,
				A54716DA174B1CDC002B8C0B /* DUTEqualityValidator.h */,
				A54716DB174B1CDC002B8C0B /* DUTEqualityValidator.m */,
			);
			path = Validators;
			sourceTree = "<group>";
		};
		A53F7275171A296600B61DE7 /* CellControllers */ = {
			isa = PBXGroup;
			children = (
				A53F7276171A29E800B61DE7 /* DUTEditableCellController.h */,
				A53F7277171A29E900B61DE7 /* DUTEditableCellController.m */,
				A53F727D171A3C9400B61DE7 /* DUTCellController.h */,
				A53F727E171A3C9400B61DE7 /* DUTCellController.m */,
				A53F7283171A47F400B61DE7 /* DUTCellControllerDelegate.h */,
				A53F7285171A4DAC00B61DE7 /* DUTEditableCell.h */,
				A53F7286171A4DAC00B61DE7 /* DUTEditableCell.m */,
				A53F7288171A52F000B61DE7 /* DUTCellDelegate.h */,
				A51FA20A173F4382001911B9 /* DUTTableViewCell.h */,
				A51FA20B173F4382001911B9 /* DUTTableViewCell.m */,
			);
			name = CellControllers;
			path = Dutch/CellControllers;
			sourceTree = SOURCE_ROOT;
		};
		A53F7279171A3AEF00B61DE7 /* CellControllerContainers */ = {
			isa = PBXGroup;
			children = (
				A53F727A171A3B9200B61DE7 /* DUTGroupedCellControllerContainer.h */,
				A53F727B171A3B9200B61DE7 /* DUTGroupedCellControllerContainer.m */,
				A53F7280171A40C800B61DE7 /* DUTCellContainerSection.h */,
				A53F7281171A40C800B61DE7 /* DUTCellContainerSection.m */,
				A5156B3A1741F1A2006FBC8B /* DUTCellContainerDelegate.h */,
			);
			name = CellControllerContainers;
			path = Dutch/CellControllerContainers;
			sourceTree = SOURCE_ROOT;
		};
		A54E841F174480C90003D1B2 /* cocoaCategories */ = {
			isa = PBXGroup;
			children = (
				A54E845C174492260003D1B2 /* NSMutableSet+WeakZeroingReference.h */,
				A54E845D174492260003D1B2 /* NSMutableSet+WeakZeroingReference.m */,
				A516906217480E5400429EBF /* NSData+Document.h */,
				A516906317480E5400429EBF /* NSData+Document.m */,
			);
			path = cocoaCategories;
			sourceTree = "<group>";
		};
		A54E8423174486330003D1B2 /* cocoaDerived */ = {
			isa = PBXGroup;
			children = (
			);
			path = cocoaDerived;
			sourceTree = "<group>";
		};
		A5925E7C174DB9DF0024FBAD /* images */ = {
			isa = PBXGroup;
			children = (
				A53CE54B175AB8C800E692EE /* button_gradient.png */,
				A5925E7D174DB9DF0024FBAD /* dotgreen.png */,
				A5925E7E174DB9DF0024FBAD /* dotred.png */,
			);
			path = images;
			sourceTree = "<group>";
		};
		A597ECA517077825008061B2 = {
			isa = PBXGroup;
			children = (
				A516906A17481A8700429EBF /* scripts */,
				A597ECB717077825008061B2 /* Dutch */,
				A597ECB017077825008061B2 /* Frameworks */,
				A597ECAF17077825008061B2 /* Products */,
			);
			sourceTree = "<group>";
		};
		A597ECAF17077825008061B2 /* Products */ = {
			isa = PBXGroup;
			children = (
				A597ECAE17077825008061B2 /* Dutch.app */,
			);
			name = Products;
			sourceTree = "<group>";
		};
		A597ECB017077825008061B2 /* Frameworks */ = {
			isa = PBXGroup;
			children = (
				A597ECB117077825008061B2 /* UIKit.framework */,
				A597ECB317077825008061B2 /* Foundation.framework */,
				A597ECB517077825008061B2 /* CoreGraphics.framework */,
			);
			name = Frameworks;
			sourceTree = "<group>";
		};
		A597ECB717077825008061B2 /* Dutch */ = {
			isa = PBXGroup;
			children = (
				A5925E7C174DB9DF0024FBAD /* images */,
				A516906517480FD400429EBF /* Dynamic */,
				A54E8423174486330003D1B2 /* cocoaDerived */,
				A54E841F174480C90003D1B2 /* cocoaCategories */,
				A51FA1FB173F2EE4001911B9 /* Validators */,
				A51FA1EB173EBF5F001911B9 /* CustomControls */,
				A53F7279171A3AEF00B61DE7 /* CellControllerContainers */,
				A53F7275171A296600B61DE7 /* CellControllers */,
				11901A4617123A5800E5BC8E /* RequestCreation */,
				11901A341712345E00E5BC8E /* Constants */,
				11901A1F17122A6200E5BC8E /* DutchRequestData */,
				11901A1B1712273300E5BC8E /* DutchOperations */,
				A597ECDD1707B413008061B2 /* Utility */,
				A597ECD317078AA7008061B2 /* ViewControllers */,
				A597ECD217078A93008061B2 /* App */,
				A597ECCF1707784B008061B2 /* Resource */,
				A597ECB817077825008061B2 /* Supporting Files */,
			);
			path = Dutch;
			sourceTree = "<group>";
		};
		A597ECB817077825008061B2 /* Supporting Files */ = {
			isa = PBXGroup;
			children = (
				A597ECB917077825008061B2 /* Dutch-Info.plist */,
				A597ECBA17077825008061B2 /* InfoPlist.strings */,
				A597ECBD17077825008061B2 /* main.m */,
				A597ECBF17077825008061B2 /* Dutch-Prefix.pch */,
				A597ECC317077825008061B2 /* Default.png */,
				A597ECC517077825008061B2 /* Default@2x.png */,
				A597ECC717077825008061B2 /* Default-568h@2x.png */,
			);
			name = "Supporting Files";
			sourceTree = "<group>";
		};
		A597ECCF1707784B008061B2 /* Resource */ = {
			isa = PBXGroup;
			children = (
				A597ECD017077A84008061B2 /* MainStoryboard.storyboard */,
				11901A4B17123D9A00E5BC8E /* DUTServerProperties.plist */,
				A58F02F21745CC0A0032AE8E /* localizedtext_en.plist */,
				A5B57A481758480D00DFE16B /* localizedtext_fr.plist */,
			);
			name = Resource;
			sourceTree = "<group>";
		};
		A597ECD217078A93008061B2 /* App */ = {
			isa = PBXGroup;
			children = (
				A597ECC017077825008061B2 /* DUTAppDelegate.h */,
				A597ECC117077825008061B2 /* DUTAppDelegate.m */,
			);
			name = App;
			sourceTree = "<group>";
		};
		A597ECD317078AA7008061B2 /* ViewControllers */ = {
			isa = PBXGroup;
			children = (
				A597ECD417078AF5008061B2 /* DUTLoginTableViewController.h */,
				A597ECD517078AF5008061B2 /* DUTLoginTableViewController.m */,
				A597ECDA17079746008061B2 /* DUTRegistrationViewController.h */,
				A597ECDB17079746008061B2 /* DUTRegistrationViewController.m */,
			);
			name = ViewControllers;
			sourceTree = "<group>";
		};
		A597ECDD1707B413008061B2 /* Utility */ = {
			isa = PBXGroup;
			children = (
				A597ECDE1707B486008061B2 /* DUTTransportUtility.h */,
				A597ECDF1707B486008061B2 /* DUTTransportUtility.m */,
				A5C3CB01171227A100724C25 /* DUTUtility.h */,
				A5C3CB02171227A100724C25 /* DUTUtility.m */,
				A5C3CB04171227C200724C25 /* DUTUtility+Validation.h */,
				A5C3CB05171227C200724C25 /* DUTUtility+Validation.m */,
				A58F02EF1745C75C0032AE8E /* DUTUtility+Localization.h */,
				A58F02F01745C75C0032AE8E /* DUTUtility+Localization.m */,
				A58F02F41745D26D0032AE8E /* DUTUtility+FileOperations.h */,
				A58F02F51745D26D0032AE8E /* DUTUtility+FileOperations.m */,
			);
			name = Utility;
			sourceTree = "<group>";
		};
/* End PBXGroup section */

/* Begin PBXNativeTarget section */
		A597ECAD17077825008061B2 /* Dutch */ = {
			isa = PBXNativeTarget;
			buildConfigurationList = A597ECCB17077825008061B2 /* Build configuration list for PBXNativeTarget "Dutch" */;
			buildPhases = (
				A597ECAA17077825008061B2 /* Sources */,
				A597ECAB17077825008061B2 /* Frameworks */,
				A597ECAC17077825008061B2 /* Resources */,
			);
			buildRules = (
			);
			dependencies = (
			);
			name = Dutch;
			productName = Dutch;
			productReference = A597ECAE17077825008061B2 /* Dutch.app */;
			productType = "com.apple.product-type.application";
		};
/* End PBXNativeTarget section */

/* Begin PBXProject section */
		A597ECA617077825008061B2 /* Project object */ = {
			isa = PBXProject;
			attributes = {
				CLASSPREFIX = DUT;
				LastUpgradeCheck = 0460;
				ORGANIZATIONNAME = "Dutch Inc";
			};
			buildConfigurationList = A597ECA917077825008061B2 /* Build configuration list for PBXProject "Dutch" */;
			compatibilityVersion = "Xcode 3.2";
			developmentRegion = English;
			hasScannedForEncodings = 0;
			knownRegions = (
				en,
			);
			mainGroup = A597ECA517077825008061B2;
			productRefGroup = A597ECAF17077825008061B2 /* Products */;
			projectDirPath = "";
			projectRoot = "";
			targets = (
				A597ECAD17077825008061B2 /* Dutch */,
				A54716D5174B17FF002B8C0B /* PreBuildScripts */,
			);
		};
/* End PBXProject section */

/* Begin PBXResourcesBuildPhase section */
		A597ECAC17077825008061B2 /* Resources */ = {
			isa = PBXResourcesBuildPhase;
			buildActionMask = 2147483647;
			files = (
				A597ECBC17077825008061B2 /* InfoPlist.strings in Resources */,
				A597ECC417077825008061B2 /* Default.png in Resources */,
				A597ECC617077825008061B2 /* Default@2x.png in Resources */,
				A597ECC817077825008061B2 /* Default-568h@2x.png in Resources */,
				A597ECD117077A84008061B2 /* MainStoryboard.storyboard in Resources */,
				11901A4C17123D9A00E5BC8E /* DUTServerProperties.plist in Resources */,
				A58F02F31745CC0A0032AE8E /* localizedtext_en.plist in Resources */,
				A5925E7F174DB9DF0024FBAD /* dotgreen.png in Resources */,
				A5925E80174DB9DF0024FBAD /* dotred.png in Resources */,
				A5B57A491758480D00DFE16B /* localizedtext_fr.plist in Resources */,
				A53CE54C175AB8C800E692EE /* button_gradient.png in Resources */,
			);
			runOnlyForDeploymentPostprocessing = 0;
		};
/* End PBXResourcesBuildPhase section */

/* Begin PBXShellScriptBuildPhase section */
		A54716D9174B181A002B8C0B /* ShellScript */ = {
			isa = PBXShellScriptBuildPhase;
			buildActionMask = 2147483647;
			files = (
			);
			inputPaths = (
			);
			outputPaths = (
			);
			runOnlyForDeploymentPostprocessing = 0;
			shellPath = /bin/sh;
			shellScript = "osascript ${PROJECT_DIR}/${PROJECT_NAME}/scripts/headerFromPlist.scpt";
		};
/* End PBXShellScriptBuildPhase section */

/* Begin PBXSourcesBuildPhase section */
		A597ECAA17077825008061B2 /* Sources */ = {
			isa = PBXSourcesBuildPhase;
			buildActionMask = 2147483647;
			files = (
				A597ECBE17077825008061B2 /* main.m in Sources */,
				A597ECC217077825008061B2 /* DUTAppDelegate.m in Sources */,
				A597ECD617078AF5008061B2 /* DUTLoginTableViewController.m in Sources */,
				A597ECDC17079746008061B2 /* DUTRegistrationViewController.m in Sources */,
				A597ECE01707B486008061B2 /* DUTTransportUtility.m in Sources */,
				11901A1E171227A700E5BC8E /* DUTServerOperations.m in Sources */,
				11901A2217122ACE00E5BC8E /* DUTRequestEncoder.m in Sources */,
				11901A4917123A9B00E5BC8E /* DUTRequestCreator.m in Sources */,
				A5C3CB03171227A100724C25 /* DUTUtility.m in Sources */,
				A5C3CB06171227C200724C25 /* DUTUtility+Validation.m in Sources */,
				A53F7273171A09CE00B61DE7 /* DUTResponseDecoder.m in Sources */,
				A53F7278171A29E900B61DE7 /* DUTEditableCellController.m in Sources */,
				A53F727C171A3B9200B61DE7 /* DUTGroupedCellControllerContainer.m in Sources */,
				A53F727F171A3C9400B61DE7 /* DUTCellController.m in Sources */,
				A53F7282171A40C800B61DE7 /* DUTCellContainerSection.m in Sources */,
				A53F7287171A4DAC00B61DE7 /* DUTEditableCell.m in Sources */,
				11DF9308171A64010069FA33 /* (null) in Sources */,
				A51FA1FE173F2F2D001911B9 /* DUTValidator.m in Sources */,
				A51FA201173F2F69001911B9 /* DUTEmailValidator.m in Sources */,
				A51FA205173F4025001911B9 /* DUTDescriptiveTextField.m in Sources */,
				A51FA209173F42D4001911B9 /* MBProgressHUD.m in Sources */,
				A51FA20C173F4383001911B9 /* DUTTableViewCell.m in Sources */,
				A54E845E174492260003D1B2 /* NSMutableSet+WeakZeroingReference.m in Sources */,
				A54E846117449B660003D1B2 /* DUTTextLengthValidator.m in Sources */,
				A58F02F11745C75C0032AE8E /* DUTUtility+Localization.m in Sources */,
				A58F02F61745D26D0032AE8E /* DUTUtility+FileOperations.m in Sources */,
				A516906417480E5400429EBF /* NSData+Document.m in Sources */,
				A516907F1748913A00429EBF /* DUTCellBackgroundView.m in Sources */,
				A54716DC174B1CDC002B8C0B /* DUTEqualityValidator.m in Sources */,
			);
			runOnlyForDeploymentPostprocessing = 0;
		};
/* End PBXSourcesBuildPhase section */

/* Begin PBXVariantGroup section */
		A597ECBA17077825008061B2 /* InfoPlist.strings */ = {
			isa = PBXVariantGroup;
			children = (
				A597ECBB17077825008061B2 /* en */,
			);
			name = InfoPlist.strings;
			sourceTree = "<group>";
		};
/* End PBXVariantGroup section */

/* Begin XCBuildConfiguration section */
		A54716D6174B17FF002B8C0B /* Debug */ = {
			isa = XCBuildConfiguration;
			buildSettings = {
				PRODUCT_NAME = "$(TARGET_NAME)";
			};
			name = Debug;
		};
		A54716D7174B17FF002B8C0B /* Release */ = {
			isa = XCBuildConfiguration;
			buildSettings = {
				PRODUCT_NAME = "$(TARGET_NAME)";
			};
			name = Release;
		};
		A597ECC917077825008061B2 /* Debug */ = {
			isa = XCBuildConfiguration;
			buildSettings = {
				ALWAYS_SEARCH_USER_PATHS = NO;
				CLANG_CXX_LANGUAGE_STANDARD = "gnu++0x";
				CLANG_CXX_LIBRARY = "libc++";
				CLANG_ENABLE_OBJC_ARC = YES;
				CLANG_WARN_CONSTANT_CONVERSION = YES;
				CLANG_WARN_EMPTY_BODY = YES;
				CLANG_WARN_ENUM_CONVERSION = YES;
				CLANG_WARN_INT_CONVERSION = YES;
				CLANG_WARN__DUPLICATE_METHOD_MATCH = YES;
				"CODE_SIGN_IDENTITY[sdk=iphoneos*]" = "iPhone Developer";
				COPY_PHASE_STRIP = NO;
				GCC_C_LANGUAGE_STANDARD = gnu99;
				GCC_DYNAMIC_NO_PIC = NO;
				GCC_OPTIMIZATION_LEVEL = 0;
				GCC_PREPROCESSOR_DEFINITIONS = (
					"DEBUG=1",
					"$(inherited)",
				);
				GCC_SYMBOLS_PRIVATE_EXTERN = NO;
				GCC_WARN_ABOUT_RETURN_TYPE = YES;
				GCC_WARN_UNINITIALIZED_AUTOS = YES;
				GCC_WARN_UNUSED_VARIABLE = YES;
				IPHONEOS_DEPLOYMENT_TARGET = 6.1;
				ONLY_ACTIVE_ARCH = YES;
				PRECOMPS_INCLUDE_HEADERS_FROM_BUILT_PRODUCTS_DIR = YES;
				SDKROOT = iphoneos;
				TARGETED_DEVICE_FAMILY = "1,2";
			};
			name = Debug;
		};
		A597ECCA17077825008061B2 /* Release */ = {
			isa = XCBuildConfiguration;
			buildSettings = {
				ALWAYS_SEARCH_USER_PATHS = NO;
				CLANG_CXX_LANGUAGE_STANDARD = "gnu++0x";
				CLANG_CXX_LIBRARY = "libc++";
				CLANG_ENABLE_OBJC_ARC = YES;
				CLANG_WARN_CONSTANT_CONVERSION = YES;
				CLANG_WARN_EMPTY_BODY = YES;
				CLANG_WARN_ENUM_CONVERSION = YES;
				CLANG_WARN_INT_CONVERSION = YES;
				CLANG_WARN__DUPLICATE_METHOD_MATCH = YES;
				"CODE_SIGN_IDENTITY[sdk=iphoneos*]" = "iPhone Developer";
				COPY_PHASE_STRIP = YES;
				GCC_C_LANGUAGE_STANDARD = gnu99;
				GCC_WARN_ABOUT_RETURN_TYPE = YES;
				GCC_WARN_UNINITIALIZED_AUTOS = YES;
				GCC_WARN_UNUSED_VARIABLE = YES;
				IPHONEOS_DEPLOYMENT_TARGET = 6.1;
				OTHER_CFLAGS = "-DNS_BLOCK_ASSERTIONS=1";
				PRECOMPS_INCLUDE_HEADERS_FROM_BUILT_PRODUCTS_DIR = YES;
				SDKROOT = iphoneos;
				TARGETED_DEVICE_FAMILY = "1,2";
				VALIDATE_PRODUCT = YES;
			};
			name = Release;
		};
		A597ECCC17077825008061B2 /* Debug */ = {
			isa = XCBuildConfiguration;
			buildSettings = {
				GCC_PRECOMPILE_PREFIX_HEADER = YES;
				GCC_PREFIX_HEADER = "Dutch/Dutch-Prefix.pch";
				INFOPLIST_FILE = "Dutch/Dutch-Info.plist";
				PRODUCT_NAME = "$(TARGET_NAME)";
				WRAPPER_EXTENSION = app;
			};
			name = Debug;
		};
		A597ECCD17077825008061B2 /* Release */ = {
			isa = XCBuildConfiguration;
			buildSettings = {
				GCC_PRECOMPILE_PREFIX_HEADER = YES;
				GCC_PREFIX_HEADER = "Dutch/Dutch-Prefix.pch";
				INFOPLIST_FILE = "Dutch/Dutch-Info.plist";
				PRODUCT_NAME = "$(TARGET_NAME)";
				WRAPPER_EXTENSION = app;
			};
			name = Release;
		};
/* End XCBuildConfiguration section */

/* Begin XCConfigurationList section */
		A54716D8174B17FF002B8C0B /* Build configuration list for PBXAggregateTarget "PreBuildScripts" */ = {
			isa = XCConfigurationList;
			buildConfigurations = (
				A54716D6174B17FF002B8C0B /* Debug */,
				A54716D7174B17FF002B8C0B /* Release */,
			);
			defaultConfigurationIsVisible = 0;
			defaultConfigurationName = Release;
		};
		A597ECA917077825008061B2 /* Build configuration list for PBXProject "Dutch" */ = {
			isa = XCConfigurationList;
			buildConfigurations = (
				A597ECC917077825008061B2 /* Debug */,
				A597ECCA17077825008061B2 /* Release */,
			);
			defaultConfigurationIsVisible = 0;
			defaultConfigurationName = Release;
		};
		A597ECCB17077825008061B2 /* Build configuration list for PBXNativeTarget "Dutch" */ = {
			isa = XCConfigurationList;
			buildConfigurations = (
				A597ECCC17077825008061B2 /* Debug */,
				A597ECCD17077825008061B2 /* Release */,
			);
			defaultConfigurationIsVisible = 0;
			defaultConfigurationName = Release;
		};
/* End XCConfigurationList section */
	};
	rootObject = A597ECA617077825008061B2 /* Project object */;
}
